// !$*UTF8*$!
{
	archiveVersion = 1;
	classes = {
	};
	objectVersion = 50;
	objects = {

/* Begin PBXBuildFile section */
		DB4C50D829A0F9430043661A /* HomeScreen.swift in Sources */ = {isa = PBXBuildFile; fileRef = DB4C50D729A0F9430043661A /* HomeScreen.swift */; };
		DB4C50DE29A11E2D0043661A /* CustomExtensions.swift in Sources */ = {isa = PBXBuildFile; fileRef = DB4C50DD29A11E2D0043661A /* CustomExtensions.swift */; };
		DB808EA729A271BE00A7E299 /* TaskModel.swift in Sources */ = {isa = PBXBuildFile; fileRef = DB808EA629A271BE00A7E299 /* TaskModel.swift */; };
		DB808EAA29A2759E00A7E299 /* TaskView.swift in Sources */ = {isa = PBXBuildFile; fileRef = DB808EA929A2759E00A7E299 /* TaskView.swift */; };
		DB808EAC29A2776000A7E299 /* TaskListModel.swift in Sources */ = {isa = PBXBuildFile; fileRef = DB808EAB29A2776000A7E299 /* TaskListModel.swift */; };
		DB808EB129A27CD300A7E299 /* TaskListView.swift in Sources */ = {isa = PBXBuildFile; fileRef = DB808EB029A27CD300A7E299 /* TaskListView.swift */; };
		DB808EB329A27D2F00A7E299 /* TaskListViewModel.swift in Sources */ = {isa = PBXBuildFile; fileRef = DB808EB229A27D2F00A7E299 /* TaskListViewModel.swift */; };
		DB937C3A298E7F1000796B35 /* TaskitoApp.swift in Sources */ = {isa = PBXBuildFile; fileRef = DB937C39298E7F1000796B35 /* TaskitoApp.swift */; };
		DB937C3E298E7F1100796B35 /* Assets.xcassets in Resources */ = {isa = PBXBuildFile; fileRef = DB937C3D298E7F1100796B35 /* Assets.xcassets */; };
		DB96EC6D29A5CD09004442C6 /* AddTaskView.swift in Sources */ = {isa = PBXBuildFile; fileRef = DB96EC6C29A5CD09004442C6 /* AddTaskView.swift */; };
/* End PBXBuildFile section */

/* Begin PBXFileReference section */
		DB4C50D729A0F9430043661A /* HomeScreen.swift */ = {isa = PBXFileReference; lastKnownFileType = sourcecode.swift; path = HomeScreen.swift; sourceTree = "<group>"; };
		DB4C50DD29A11E2D0043661A /* CustomExtensions.swift */ = {isa = PBXFileReference; lastKnownFileType = sourcecode.swift; path = CustomExtensions.swift; sourceTree = "<group>"; };
		DB808EA629A271BE00A7E299 /* TaskModel.swift */ = {isa = PBXFileReference; lastKnownFileType = sourcecode.swift; path = TaskModel.swift; sourceTree = "<group>"; };
		DB808EA929A2759E00A7E299 /* TaskView.swift */ = {isa = PBXFileReference; lastKnownFileType = sourcecode.swift; path = TaskView.swift; sourceTree = "<group>"; };
		DB808EAB29A2776000A7E299 /* TaskListModel.swift */ = {isa = PBXFileReference; lastKnownFileType = sourcecode.swift; path = TaskListModel.swift; sourceTree = "<group>"; };
		DB808EB029A27CD300A7E299 /* TaskListView.swift */ = {isa = PBXFileReference; lastKnownFileType = sourcecode.swift; path = TaskListView.swift; sourceTree = "<group>"; };
		DB808EB229A27D2F00A7E299 /* TaskListViewModel.swift */ = {isa = PBXFileReference; lastKnownFileType = sourcecode.swift; path = TaskListViewModel.swift; sourceTree = "<group>"; };
		DB937C36298E7F1000796B35 /* Taskito.app */ = {isa = PBXFileReference; explicitFileType = wrapper.application; includeInIndex = 0; path = Taskito.app; sourceTree = BUILT_PRODUCTS_DIR; };
		DB937C39298E7F1000796B35 /* TaskitoApp.swift */ = {isa = PBXFileReference; lastKnownFileType = sourcecode.swift; path = TaskitoApp.swift; sourceTree = "<group>"; };
		DB937C3D298E7F1100796B35 /* Assets.xcassets */ = {isa = PBXFileReference; lastKnownFileType = folder.assetcatalog; path = Assets.xcassets; sourceTree = "<group>"; };
		DB937C42298E7F1200796B35 /* Info.plist */ = {isa = PBXFileReference; lastKnownFileType = text.plist.xml; path = Info.plist; sourceTree = "<group>"; };
		DB96EC6C29A5CD09004442C6 /* AddTaskView.swift */ = {isa = PBXFileReference; lastKnownFileType = sourcecode.swift; path = AddTaskView.swift; sourceTree = "<group>"; };
/* End PBXFileReference section */

/* Begin PBXFrameworksBuildPhase section */
		DB937C33298E7F1000796B35 /* Frameworks */ = {
			isa = PBXFrameworksBuildPhase;
			buildActionMask = 2147483647;
			files = (
			);
			runOnlyForDeploymentPostprocessing = 0;
		};
/* End PBXFrameworksBuildPhase section */

/* Begin PBXGroup section */
		DB808EA329A2719E00A7E299 /* Model */ = {
			isa = PBXGroup;
			children = (
				DB808EA629A271BE00A7E299 /* TaskModel.swift */,
				DB808EAB29A2776000A7E299 /* TaskListModel.swift */,
			);
			path = Model;
			sourceTree = "<group>";
		};
		DB808EA429A271A600A7E299 /* View */ = {
			isa = PBXGroup;
			children = (
				DB4C50D729A0F9430043661A /* HomeScreen.swift */,
				DB808EA929A2759E00A7E299 /* TaskView.swift */,
				DB808EB029A27CD300A7E299 /* TaskListView.swift */,
				DB96EC6C29A5CD09004442C6 /* AddTaskView.swift */,
			);
			path = View;
			sourceTree = "<group>";
		};
		DB808EA529A271AD00A7E299 /* ViewModel */ = {
			isa = PBXGroup;
			children = (
				DB808EB229A27D2F00A7E299 /* TaskListViewModel.swift */,
			);
			path = ViewModel;
			sourceTree = "<group>";
		};
		DB808EA829A274F600A7E299 /* Extensions */ = {
			isa = PBXGroup;
			children = (
				DB4C50DD29A11E2D0043661A /* CustomExtensions.swift */,
			);
			path = Extensions;
			sourceTree = "<group>";
		};
		DB937C2D298E7F1000796B35 = {
			isa = PBXGroup;
			children = (
				DB808EA329A2719E00A7E299 /* Model */,
				DB808EA529A271AD00A7E299 /* ViewModel */,
				DB808EA429A271A600A7E299 /* View */,
				DB808EA829A274F600A7E299 /* Extensions */,
				DB937C39298E7F1000796B35 /* TaskitoApp.swift */,
				DB937C3D298E7F1100796B35 /* Assets.xcassets */,
				DB937C42298E7F1200796B35 /* Info.plist */,
				DB937C37298E7F1000796B35 /* Products */,
			);
			sourceTree = "<group>";
		};
		DB937C37298E7F1000796B35 /* Products */ = {
			isa = PBXGroup;
			children = (
				DB937C36298E7F1000796B35 /* Taskito.app */,
			);
			name = Products;
			sourceTree = "<group>";
		};
/* End PBXGroup section */

/* Begin PBXNativeTarget section */
		DB937C35298E7F1000796B35 /* Taskito */ = {
			isa = PBXNativeTarget;
			buildConfigurationList = DB937C45298E7F1200796B35 /* Build configuration list for PBXNativeTarget "Taskito" */;
			buildPhases = (
				DB937C32298E7F1000796B35 /* Sources */,
				DB937C33298E7F1000796B35 /* Frameworks */,
				DB937C34298E7F1000796B35 /* Resources */,
			);
			buildRules = (
			);
			dependencies = (
			);
			name = Taskito;
			productName = Taskito;
			productReference = DB937C36298E7F1000796B35 /* Taskito.app */;
			productType = "com.apple.product-type.application";
		};
/* End PBXNativeTarget section */

/* Begin PBXProject section */
		DB937C2E298E7F1000796B35 /* Project object */ = {
			isa = PBXProject;
			attributes = {
				LastSwiftUpdateCheck = 1250;
				LastUpgradeCheck = 1250;
				TargetAttributes = {
					DB937C35298E7F1000796B35 = {
						CreatedOnToolsVersion = 12.5.1;
					};
				};
			};
			buildConfigurationList = DB937C31298E7F1000796B35 /* Build configuration list for PBXProject "Taskito" */;
			compatibilityVersion = "Xcode 9.3";
			developmentRegion = en;
			hasScannedForEncodings = 0;
			knownRegions = (
				en,
				Base,
			);
			mainGroup = DB937C2D298E7F1000796B35;
			productRefGroup = DB937C37298E7F1000796B35 /* Products */;
			projectDirPath = "";
			projectRoot = "";
			targets = (
				DB937C35298E7F1000796B35 /* Taskito */,
			);
		};
/* End PBXProject section */

/* Begin PBXResourcesBuildPhase section */
		DB937C34298E7F1000796B35 /* Resources */ = {
			isa = PBXResourcesBuildPhase;
			buildActionMask = 2147483647;
			files = (
				DB937C3E298E7F1100796B35 /* Assets.xcassets in Resources */,
			);
			runOnlyForDeploymentPostprocessing = 0;
		};
/* End PBXResourcesBuildPhase section */

/* Begin PBXSourcesBuildPhase section */
		DB937C32298E7F1000796B35 /* Sources */ = {
			isa = PBXSourcesBuildPhase;
			buildActionMask = 2147483647;
			files = (
				DB808EB129A27CD300A7E299 /* TaskListView.swift in Sources */,
				DB808EAC29A2776000A7E299 /* TaskListModel.swift in Sources */,
				DB96EC6D29A5CD09004442C6 /* AddTaskView.swift in Sources */,
				DB4C50D829A0F9430043661A /* HomeScreen.swift in Sources */,
				DB4C50DE29A11E2D0043661A /* CustomExtensions.swift in Sources */,
				DB937C3A298E7F1000796B35 /* TaskitoApp.swift in Sources */,
				DB808EB329A27D2F00A7E299 /* TaskListViewModel.swift in Sources */,
				DB808EAA29A2759E00A7E299 /* TaskView.swift in Sources */,
				DB808EA729A271BE00A7E299 /* TaskModel.swift in Sources */,
			);
			runOnlyForDeploymentPostprocessing = 0;
		};
/* End PBXSourcesBuildPhase section */

/* Begin XCBuildConfiguration section */
		DB937C43298E7F1200796B35 /* Debug */ = {
			isa = XCBuildConfiguration;
			buildSettings = {
				ALWAYS_SEARCH_USER_PATHS = NO;
				CLANG_ANALYZER_NONNULL = YES;
				CLANG_ANALYZER_NUMBER_OBJECT_CONVERSION = YES_AGGRESSIVE;
				CLANG_CXX_LANGUAGE_STANDARD = "gnu++14";
				CLANG_CXX_LIBRARY = "libc++";
				CLANG_ENABLE_MODULES = YES;
				CLANG_ENABLE_OBJC_ARC = YES;
				CLANG_ENABLE_OBJC_WEAK = YES;
				CLANG_WARN_BLOCK_CAPTURE_AUTORELEASING = YES;
				CLANG_WARN_BOOL_CONVERSION = YES;
				CLANG_WARN_COMMA = YES;
				CLANG_WARN_CONSTANT_CONVERSION = YES;
				CLANG_WARN_DEPRECATED_OBJC_IMPLEMENTATIONS = YES;
				CLANG_WARN_DIRECT_OBJC_ISA_USAGE = YES_ERROR;
				CLANG_WARN_DOCUMENTATION_COMMENTS = YES;
				CLANG_WARN_EMPTY_BODY = YES;
				CLANG_WARN_ENUM_CONVERSION = YES;
				CLANG_WARN_INFINITE_RECURSION = YES;
				CLANG_WARN_INT_CONVERSION = YES;
				CLANG_WARN_NON_LITERAL_NULL_CONVERSION = YES;
				CLANG_WARN_OBJC_IMPLICIT_RETAIN_SELF = YES;
				CLANG_WARN_OBJC_LITERAL_CONVERSION = YES;
				CLANG_WARN_OBJC_ROOT_CLASS = YES_ERROR;
				CLANG_WARN_QUOTED_INCLUDE_IN_FRAMEWORK_HEADER = YES;
				CLANG_WARN_RANGE_LOOP_ANALYSIS = YES;
				CLANG_WARN_STRICT_PROTOTYPES = YES;
				CLANG_WARN_SUSPICIOUS_MOVE = YES;
				CLANG_WARN_UNGUARDED_AVAILABILITY = YES_AGGRESSIVE;
				CLANG_WARN_UNREACHABLE_CODE = YES;
				CLANG_WARN__DUPLICATE_METHOD_MATCH = YES;
				COPY_PHASE_STRIP = NO;
				DEBUG_INFORMATION_FORMAT = dwarf;
				ENABLE_STRICT_OBJC_MSGSEND = YES;
				ENABLE_TESTABILITY = YES;
				GCC_C_LANGUAGE_STANDARD = gnu11;
				GCC_DYNAMIC_NO_PIC = NO;
				GCC_NO_COMMON_BLOCKS = YES;
				GCC_OPTIMIZATION_LEVEL = 0;
				GCC_PREPROCESSOR_DEFINITIONS = (
					"DEBUG=1",
					"$(inherited)",
				);
				GCC_WARN_64_TO_32_BIT_CONVERSION = YES;
				GCC_WARN_ABOUT_RETURN_TYPE = YES_ERROR;
				GCC_WARN_UNDECLARED_SELECTOR = YES;
				GCC_WARN_UNINITIALIZED_AUTOS = YES_AGGRESSIVE;
				GCC_WARN_UNUSED_FUNCTION = YES;
				GCC_WARN_UNUSED_VARIABLE = YES;
				IPHONEOS_DEPLOYMENT_TARGET = 14.5;
				MTL_ENABLE_DEBUG_INFO = INCLUDE_SOURCE;
				MTL_FAST_MATH = YES;
				ONLY_ACTIVE_ARCH = YES;
				SDKROOT = iphoneos;
				SWIFT_ACTIVE_COMPILATION_CONDITIONS = DEBUG;
				SWIFT_OPTIMIZATION_LEVEL = "-Onone";
			};
			name = Debug;
		};
		DB937C44298E7F1200796B35 /* Release */ = {
			isa = XCBuildConfiguration;
			buildSettings = {
				ALWAYS_SEARCH_USER_PATHS = NO;
				CLANG_ANALYZER_NONNULL = YES;
				CLANG_ANALYZER_NUMBER_OBJECT_CONVERSION = YES_AGGRESSIVE;
				CLANG_CXX_LANGUAGE_STANDARD = "gnu++14";
				CLANG_CXX_LIBRARY = "libc++";
				CLANG_ENABLE_MODULES = YES;
				CLANG_ENABLE_OBJC_ARC = YES;
				CLANG_ENABLE_OBJC_WEAK = YES;
				CLANG_WARN_BLOCK_CAPTURE_AUTORELEASING = YES;
				CLANG_WARN_BOOL_CONVERSION = YES;
				CLANG_WARN_COMMA = YES;
				CLANG_WARN_CONSTANT_CONVERSION = YES;
				CLANG_WARN_DEPRECATED_OBJC_IMPLEMENTATIONS = YES;
				CLANG_WARN_DIRECT_OBJC_ISA_USAGE = YES_ERROR;
				CLANG_WARN_DOCUMENTATION_COMMENTS = YES;
				CLANG_WARN_EMPTY_BODY = YES;
				CLANG_WARN_ENUM_CONVERSION = YES;
				CLANG_WARN_INFINITE_RECURSION = YES;
				CLANG_WARN_INT_CONVERSION = YES;
				CLANG_WARN_NON_LITERAL_NULL_CONVERSION = YES;
				CLANG_WARN_OBJC_IMPLICIT_RETAIN_SELF = YES;
				CLANG_WARN_OBJC_LITERAL_CONVERSION = YES;
				CLANG_WARN_OBJC_ROOT_CLASS = YES_ERROR;
				CLANG_WARN_QUOTED_INCLUDE_IN_FRAMEWORK_HEADER = YES;
				CLANG_WARN_RANGE_LOOP_ANALYSIS = YES;
				CLANG_WARN_STRICT_PROTOTYPES = YES;
				CLANG_WARN_SUSPICIOUS_MOVE = YES;
				CLANG_WARN_UNGUARDED_AVAILABILITY = YES_AGGRESSIVE;
				CLANG_WARN_UNREACHABLE_CODE = YES;
				CLANG_WARN__DUPLICATE_METHOD_MATCH = YES;
				COPY_PHASE_STRIP = NO;
				DEBUG_INFORMATION_FORMAT = "dwarf-with-dsym";
				ENABLE_NS_ASSERTIONS = NO;
				ENABLE_STRICT_OBJC_MSGSEND = YES;
				GCC_C_LANGUAGE_STANDARD = gnu11;
				GCC_NO_COMMON_BLOCKS = YES;
				GCC_WARN_64_TO_32_BIT_CONVERSION = YES;
				GCC_WARN_ABOUT_RETURN_TYPE = YES_ERROR;
				GCC_WARN_UNDECLARED_SELECTOR = YES;
				GCC_WARN_UNINITIALIZED_AUTOS = YES_AGGRESSIVE;
				GCC_WARN_UNUSED_FUNCTION = YES;
				GCC_WARN_UNUSED_VARIABLE = YES;
				IPHONEOS_DEPLOYMENT_TARGET = 14.5;
				MTL_ENABLE_DEBUG_INFO = NO;
				MTL_FAST_MATH = YES;
				SDKROOT = iphoneos;
				SWIFT_COMPILATION_MODE = wholemodule;
				SWIFT_OPTIMIZATION_LEVEL = "-O";
				VALIDATE_PRODUCT = YES;
			};
			name = Release;
		};
		DB937C46298E7F1200796B35 /* Debug */ = {
			isa = XCBuildConfiguration;
			buildSettings = {
				ASSETCATALOG_COMPILER_APPICON_NAME = AppIcon;
				ASSETCATALOG_COMPILER_GLOBAL_ACCENT_COLOR_NAME = AccentColor;
				CODE_SIGN_STYLE = Automatic;
				DEVELOPMENT_ASSET_PATHS = "";
				DEVELOPMENT_TEAM = Y2C2TXFT49;
				ENABLE_PREVIEWS = YES;
				INFOPLIST_FILE = Info.plist;
				IPHONEOS_DEPLOYMENT_TARGET = 14.0;
				LD_RUNPATH_SEARCH_PATHS = (
					"$(inherited)",
					"@executable_path/Frameworks",
				);
				PRODUCT_BUNDLE_IDENTIFIER = com.tempesttech.Taskito;
				PRODUCT_NAME = "$(TARGET_NAME)";
				SWIFT_VERSION = 5.0;
				TARGETED_DEVICE_FAMILY = "1,2";
			};
			name = Debug;
		};
		DB937C47298E7F1200796B35 /* Release */ = {
			isa = XCBuildConfiguration;
			buildSettings = {
				ASSETCATALOG_COMPILER_APPICON_NAME = AppIcon;
				ASSETCATALOG_COMPILER_GLOBAL_ACCENT_COLOR_NAME = AccentColor;
				CODE_SIGN_STYLE = Automatic;
				DEVELOPMENT_ASSET_PATHS = "";
				DEVELOPMENT_TEAM = Y2C2TXFT49;
				ENABLE_PREVIEWS = YES;
				INFOPLIST_FILE = Info.plist;
				IPHONEOS_DEPLOYMENT_TARGET = 14.0;
				LD_RUNPATH_SEARCH_PATHS = (
					"$(inherited)",
					"@executable_path/Frameworks",
				);
				PRODUCT_BUNDLE_IDENTIFIER = com.tempesttech.Taskito;
				PRODUCT_NAME = "$(TARGET_NAME)";
				SWIFT_VERSION = 5.0;
				TARGETED_DEVICE_FAMILY = "1,2";
			};
			name = Release;
		};
/* End XCBuildConfiguration section */

/* Begin XCConfigurationList section */
		DB937C31298E7F1000796B35 /* Build configuration list for PBXProject "Taskito" */ = {
			isa = XCConfigurationList;
			buildConfigurations = (
				DB937C43298E7F1200796B35 /* Debug */,
				DB937C44298E7F1200796B35 /* Release */,
			);
			defaultConfigurationIsVisible = 0;
			defaultConfigurationName = Release;
		};
		DB937C45298E7F1200796B35 /* Build configuration list for PBXNativeTarget "Taskito" */ = {
			isa = XCConfigurationList;
			buildConfigurations = (
				DB937C46298E7F1200796B35 /* Debug */,
				DB937C47298E7F1200796B35 /* Release */,
			);
			defaultConfigurationIsVisible = 0;
			defaultConfigurationName = Release;
		};
/* End XCConfigurationList section */
	};
	rootObject = DB937C2E298E7F1000796B35 /* Project object */;
}
